
Microsoft Visual Studio Solution File, Format Version 12.00
# Visual Studio Version 16
VisualStudioVersion = 16.0.30406.217
MinimumVisualStudioVersion = 10.0.40219.1
Project("{FAE04EC0-301F-11D3-BF4B-00C04F79EFBC}") = "Lab_8_KB", "Lab_8_KB\Lab_8_KB.csproj", "{272BAA00-A2E2-43AA-A94A-6A64F859C2AF}"
EndProject
Global
	GlobalSection(SolutionConfigurationPlatforms) = preSolution
		Debug|Any CPU = Debug|Any CPU
		Release|Any CPU = Release|Any CPU
	EndGlobalSection
	GlobalSection(ProjectConfigurationPlatforms) = postSolution
		{272BAA00-A2E2-43AA-A94A-6A64F859C2AF}.Debug|Any CPU.ActiveCfg = Debug|Any CPU
		{272BAA00-A2E2-43AA-A94A-6A64F859C2AF}.Debug|Any CPU.Build.0 = Debug|Any CPU
		{272BAA00-A2E2-43AA-A94A-6A64F859C2AF}.Release|Any CPU.ActiveCfg = Release|Any CPU
		{272BAA00-A2E2-43AA-A94A-6A64F859C2AF}.Release|Any CPU.Build.0 = Release|Any CPU
	EndGlobalSection
	GlobalSection(SolutionProperties) = preSolution
		HideSolutionNode = FALSE
	EndGlobalSection
	GlobalSection(ExtensibilityGlobals) = postSolution
		SolutionGuid = {515FA69C-B272-4A0D-81E4-09A55F2CC597}
	EndGlobalSection
EndGlobal
